
Microsoft Visual Studio Solution File, Format Version 12.00
# Visual Studio 15
VisualStudioVersion = 15.0.28307.489
MinimumVisualStudioVersion = 10.0.40219.1
Project("{FAE04EC0-301F-11D3-BF4B-00C04F79EFBC}") = "UI", "UI\UI.csproj", "{28DC5311-7295-41EE-BD4B-D3C629810874}"
EndProject
Global
	GlobalSection(SolutionConfigurationPlatforms) = preSolution
		Debug|Any CPU = Debug|Any CPU
		Release|Any CPU = Release|Any CPU
	EndGlobalSection
	GlobalSection(ProjectConfigurationPlatforms) = postSolution
		{28DC5311-7295-41EE-BD4B-D3C629810874}.Debug|Any CPU.ActiveCfg = Debug|Any CPU
		{28DC5311-7295-41EE-BD4B-D3C629810874}.Debug|Any CPU.Build.0 = Debug|Any CPU
		{28DC5311-7295-41EE-BD4B-D3C629810874}.Release|Any CPU.ActiveCfg = Release|Any CPU
		{28DC5311-7295-41EE-BD4B-D3C629810874}.Release|Any CPU.Build.0 = Release|Any CPU
	EndGlobalSection
	GlobalSection(SolutionProperties) = preSolution
		HideSolutionNode = FALSE
	EndGlobalSection
	GlobalSection(ExtensibilityGlobals) = postSolution
		SolutionGuid = {834FA564-03AA-4F8A-9237-14B525B6E0B3}
	EndGlobalSection
EndGlobal
